// !$*UTF8*$!
{
	archiveVersion = 1;
	classes = {
	};
	objectVersion = 50;
	objects = {

/* Begin PBXBuildFile section */
		041D71A759240C8D0ADE9357 /* Pods_FlixAppUITests.framework in Frameworks */ = {isa = PBXBuildFile; fileRef = 9481B0AEAA52EBB024FF2AE0 /* Pods_FlixAppUITests.framework */; };
		9FBCA7E7B5E61E32ADD52426 /* Pods_FlixApp.framework in Frameworks */ = {isa = PBXBuildFile; fileRef = 531623C10CE79CEE35920D84 /* Pods_FlixApp.framework */; };
		D637344C221218A70036BFA5 /* MovieGridCell.swift in Sources */ = {isa = PBXBuildFile; fileRef = D637344B221218A70036BFA5 /* MovieGridCell.swift */; };
		D66F233D2202E333008055F7 /* AppDelegate.swift in Sources */ = {isa = PBXBuildFile; fileRef = D66F233C2202E333008055F7 /* AppDelegate.swift */; };
		D66F23422202E333008055F7 /* Main.storyboard in Resources */ = {isa = PBXBuildFile; fileRef = D66F23402202E333008055F7 /* Main.storyboard */; };
		D66F23442202E334008055F7 /* Assets.xcassets in Resources */ = {isa = PBXBuildFile; fileRef = D66F23432202E334008055F7 /* Assets.xcassets */; };
		D66F23472202E334008055F7 /* LaunchScreen.storyboard in Resources */ = {isa = PBXBuildFile; fileRef = D66F23452202E334008055F7 /* LaunchScreen.storyboard */; };
		D66F23522202E334008055F7 /* FlixAppTests.swift in Sources */ = {isa = PBXBuildFile; fileRef = D66F23512202E334008055F7 /* FlixAppTests.swift */; };
		D66F235D2202E334008055F7 /* FlixAppUITests.swift in Sources */ = {isa = PBXBuildFile; fileRef = D66F235C2202E334008055F7 /* FlixAppUITests.swift */; };
		D66F236D2202EFD2008055F7 /* MoviesViewController.swift in Sources */ = {isa = PBXBuildFile; fileRef = D66F236C2202EFD2008055F7 /* MoviesViewController.swift */; };
		D66F236F2202FC79008055F7 /* MovieCell.swift in Sources */ = {isa = PBXBuildFile; fileRef = D66F236E2202FC79008055F7 /* MovieCell.swift */; };
		D693D79A221201D80030280F /* MovieDetailsViewController.swift in Sources */ = {isa = PBXBuildFile; fileRef = D693D799221201D80030280F /* MovieDetailsViewController.swift */; };
		D693D79C22120C120030280F /* MovieGridViewController.swift in Sources */ = {isa = PBXBuildFile; fileRef = D693D79B22120C120030280F /* MovieGridViewController.swift */; };
		E0672C123FBDCFE8F0A6B407 /* Pods_FlixAppTests.framework in Frameworks */ = {isa = PBXBuildFile; fileRef = 13359F3DED748B49EB129FE4 /* Pods_FlixAppTests.framework */; };
/* End PBXBuildFile section */

/* Begin PBXContainerItemProxy section */
		D66F234E2202E334008055F7 /* PBXContainerItemProxy */ = {
			isa = PBXContainerItemProxy;
			containerPortal = D66F23312202E333008055F7 /* Project object */;
			proxyType = 1;
			remoteGlobalIDString = D66F23382202E333008055F7;
			remoteInfo = FlixApp;
		};
		D66F23592202E334008055F7 /* PBXContainerItemProxy */ = {
			isa = PBXContainerItemProxy;
			containerPortal = D66F23312202E333008055F7 /* Project object */;
			proxyType = 1;
			remoteGlobalIDString = D66F23382202E333008055F7;
			remoteInfo = FlixApp;
		};
/* End PBXContainerItemProxy section */

/* Begin PBXFileReference section */
		05EC5B4FD43A5CFD3C9C6452 /* Pods-FlixAppTests.release.xcconfig */ = {isa = PBXFileReference; includeInIndex = 1; lastKnownFileType = text.xcconfig; name = "Pods-FlixAppTests.release.xcconfig"; path = "Pods/Target Support Files/Pods-FlixAppTests/Pods-FlixAppTests.release.xcconfig"; sourceTree = "<group>"; };
		13359F3DED748B49EB129FE4 /* Pods_FlixAppTests.framework */ = {isa = PBXFileReference; explicitFileType = wrapper.framework; includeInIndex = 0; path = Pods_FlixAppTests.framework; sourceTree = BUILT_PRODUCTS_DIR; };
		30409FBB19DF7FF47B236FA6 /* Pods-FlixAppTests.debug.xcconfig */ = {isa = PBXFileReference; includeInIndex = 1; lastKnownFileType = text.xcconfig; name = "Pods-FlixAppTests.debug.xcconfig"; path = "Pods/Target Support Files/Pods-FlixAppTests/Pods-FlixAppTests.debug.xcconfig"; sourceTree = "<group>"; };
		531623C10CE79CEE35920D84 /* Pods_FlixApp.framework */ = {isa = PBXFileReference; explicitFileType = wrapper.framework; includeInIndex = 0; path = Pods_FlixApp.framework; sourceTree = BUILT_PRODUCTS_DIR; };
		73BC4DCC0E9C3B1C41A8C599 /* Pods-FlixAppUITests.debug.xcconfig */ = {isa = PBXFileReference; includeInIndex = 1; lastKnownFileType = text.xcconfig; name = "Pods-FlixAppUITests.debug.xcconfig"; path = "Pods/Target Support Files/Pods-FlixAppUITests/Pods-FlixAppUITests.debug.xcconfig"; sourceTree = "<group>"; };
		9481B0AEAA52EBB024FF2AE0 /* Pods_FlixAppUITests.framework */ = {isa = PBXFileReference; explicitFileType = wrapper.framework; includeInIndex = 0; path = Pods_FlixAppUITests.framework; sourceTree = BUILT_PRODUCTS_DIR; };
		A16062746B58DE3232A23886 /* Pods-FlixApp.release.xcconfig */ = {isa = PBXFileReference; includeInIndex = 1; lastKnownFileType = text.xcconfig; name = "Pods-FlixApp.release.xcconfig"; path = "Pods/Target Support Files/Pods-FlixApp/Pods-FlixApp.release.xcconfig"; sourceTree = "<group>"; };
		CB2FD9C2AA275D27602F5275 /* Pods-FlixAppUITests.release.xcconfig */ = {isa = PBXFileReference; includeInIndex = 1; lastKnownFileType = text.xcconfig; name = "Pods-FlixAppUITests.release.xcconfig"; path = "Pods/Target Support Files/Pods-FlixAppUITests/Pods-FlixAppUITests.release.xcconfig"; sourceTree = "<group>"; };
		D637344B221218A70036BFA5 /* MovieGridCell.swift */ = {isa = PBXFileReference; lastKnownFileType = sourcecode.swift; path = MovieGridCell.swift; sourceTree = "<group>"; };
		D66F23392202E333008055F7 /* FlixApp.app */ = {isa = PBXFileReference; explicitFileType = wrapper.application; includeInIndex = 0; path = FlixApp.app; sourceTree = BUILT_PRODUCTS_DIR; };
		D66F233C2202E333008055F7 /* AppDelegate.swift */ = {isa = PBXFileReference; lastKnownFileType = sourcecode.swift; path = AppDelegate.swift; sourceTree = "<group>"; };
		D66F23412202E333008055F7 /* Base */ = {isa = PBXFileReference; lastKnownFileType = file.storyboard; name = Base; path = Base.lproj/Main.storyboard; sourceTree = "<group>"; };
		D66F23432202E334008055F7 /* Assets.xcassets */ = {isa = PBXFileReference; lastKnownFileType = folder.assetcatalog; path = Assets.xcassets; sourceTree = "<group>"; };
		D66F23462202E334008055F7 /* Base */ = {isa = PBXFileReference; lastKnownFileType = file.storyboard; name = Base; path = Base.lproj/LaunchScreen.storyboard; sourceTree = "<group>"; };
		D66F23482202E334008055F7 /* Info.plist */ = {isa = PBXFileReference; lastKnownFileType = text.plist.xml; path = Info.plist; sourceTree = "<group>"; };
		D66F234D2202E334008055F7 /* FlixAppTests.xctest */ = {isa = PBXFileReference; explicitFileType = wrapper.cfbundle; includeInIndex = 0; path = FlixAppTests.xctest; sourceTree = BUILT_PRODUCTS_DIR; };
		D66F23512202E334008055F7 /* FlixAppTests.swift */ = {isa = PBXFileReference; lastKnownFileType = sourcecode.swift; path = FlixAppTests.swift; sourceTree = "<group>"; };
		D66F23532202E334008055F7 /* Info.plist */ = {isa = PBXFileReference; lastKnownFileType = text.plist.xml; path = Info.plist; sourceTree = "<group>"; };
		D66F23582202E334008055F7 /* FlixAppUITests.xctest */ = {isa = PBXFileReference; explicitFileType = wrapper.cfbundle; includeInIndex = 0; path = FlixAppUITests.xctest; sourceTree = BUILT_PRODUCTS_DIR; };
		D66F235C2202E334008055F7 /* FlixAppUITests.swift */ = {isa = PBXFileReference; lastKnownFileType = sourcecode.swift; path = FlixAppUITests.swift; sourceTree = "<group>"; };
		D66F235E2202E334008055F7 /* Info.plist */ = {isa = PBXFileReference; lastKnownFileType = text.plist.xml; path = Info.plist; sourceTree = "<group>"; };
		D66F236C2202EFD2008055F7 /* MoviesViewController.swift */ = {isa = PBXFileReference; lastKnownFileType = sourcecode.swift; path = MoviesViewController.swift; sourceTree = "<group>"; };
		D66F236E2202FC79008055F7 /* MovieCell.swift */ = {isa = PBXFileReference; lastKnownFileType = sourcecode.swift; path = MovieCell.swift; sourceTree = "<group>"; };
		D693D799221201D80030280F /* MovieDetailsViewController.swift */ = {isa = PBXFileReference; lastKnownFileType = sourcecode.swift; path = MovieDetailsViewController.swift; sourceTree = "<group>"; };
		D693D79B22120C120030280F /* MovieGridViewController.swift */ = {isa = PBXFileReference; lastKnownFileType = sourcecode.swift; path = MovieGridViewController.swift; sourceTree = "<group>"; };
		F14403095A6E38995DD67497 /* Pods-FlixApp.debug.xcconfig */ = {isa = PBXFileReference; includeInIndex = 1; lastKnownFileType = text.xcconfig; name = "Pods-FlixApp.debug.xcconfig"; path = "Pods/Target Support Files/Pods-FlixApp/Pods-FlixApp.debug.xcconfig"; sourceTree = "<group>"; };
/* End PBXFileReference section */

/* Begin PBXFrameworksBuildPhase section */
		D66F23362202E333008055F7 /* Frameworks */ = {
			isa = PBXFrameworksBuildPhase;
			buildActionMask = 2147483647;
			files = (
				9FBCA7E7B5E61E32ADD52426 /* Pods_FlixApp.framework in Frameworks */,
			);
			runOnlyForDeploymentPostprocessing = 0;
		};
		D66F234A2202E334008055F7 /* Frameworks */ = {
			isa = PBXFrameworksBuildPhase;
			buildActionMask = 2147483647;
			files = (
				E0672C123FBDCFE8F0A6B407 /* Pods_FlixAppTests.framework in Frameworks */,
			);
			runOnlyForDeploymentPostprocessing = 0;
		};
		D66F23552202E334008055F7 /* Frameworks */ = {
			isa = PBXFrameworksBuildPhase;
			buildActionMask = 2147483647;
			files = (
				041D71A759240C8D0ADE9357 /* Pods_FlixAppUITests.framework in Frameworks */,
			);
			runOnlyForDeploymentPostprocessing = 0;
		};
/* End PBXFrameworksBuildPhase section */

/* Begin PBXGroup section */
		96E1611A3CC12AF36D7F49C5 /* Frameworks */ = {
			isa = PBXGroup;
			children = (
				531623C10CE79CEE35920D84 /* Pods_FlixApp.framework */,
				13359F3DED748B49EB129FE4 /* Pods_FlixAppTests.framework */,
				9481B0AEAA52EBB024FF2AE0 /* Pods_FlixAppUITests.framework */,
			);
			name = Frameworks;
			sourceTree = "<group>";
		};
		994E83809C50258087D789A4 /* Pods */ = {
			isa = PBXGroup;
			children = (
				F14403095A6E38995DD67497 /* Pods-FlixApp.debug.xcconfig */,
				A16062746B58DE3232A23886 /* Pods-FlixApp.release.xcconfig */,
				30409FBB19DF7FF47B236FA6 /* Pods-FlixAppTests.debug.xcconfig */,
				05EC5B4FD43A5CFD3C9C6452 /* Pods-FlixAppTests.release.xcconfig */,
				73BC4DCC0E9C3B1C41A8C599 /* Pods-FlixAppUITests.debug.xcconfig */,
				CB2FD9C2AA275D27602F5275 /* Pods-FlixAppUITests.release.xcconfig */,
			);
			name = Pods;
			sourceTree = "<group>";
		};
		D66F23302202E333008055F7 = {
			isa = PBXGroup;
			children = (
				D66F233B2202E333008055F7 /* FlixApp */,
				D66F23502202E334008055F7 /* FlixAppTests */,
				D66F235B2202E334008055F7 /* FlixAppUITests */,
				D66F233A2202E333008055F7 /* Products */,
				994E83809C50258087D789A4 /* Pods */,
				96E1611A3CC12AF36D7F49C5 /* Frameworks */,
			);
			sourceTree = "<group>";
		};
		D66F233A2202E333008055F7 /* Products */ = {
			isa = PBXGroup;
			children = (
				D66F23392202E333008055F7 /* FlixApp.app */,
				D66F234D2202E334008055F7 /* FlixAppTests.xctest */,
				D66F23582202E334008055F7 /* FlixAppUITests.xctest */,
			);
			name = Products;
			sourceTree = "<group>";
		};
		D66F233B2202E333008055F7 /* FlixApp */ = {
			isa = PBXGroup;
			children = (
				D66F236C2202EFD2008055F7 /* MoviesViewController.swift */,
				D66F233C2202E333008055F7 /* AppDelegate.swift */,
				D66F23402202E333008055F7 /* Main.storyboard */,
				D693D799221201D80030280F /* MovieDetailsViewController.swift */,
				D66F236E2202FC79008055F7 /* MovieCell.swift */,
				D66F23432202E334008055F7 /* Assets.xcassets */,
				D66F23452202E334008055F7 /* LaunchScreen.storyboard */,
				D66F23482202E334008055F7 /* Info.plist */,
				D693D79B22120C120030280F /* MovieGridViewController.swift */,
				D637344B221218A70036BFA5 /* MovieGridCell.swift */,
			);
			path = FlixApp;
			sourceTree = "<group>";
		};
		D66F23502202E334008055F7 /* FlixAppTests */ = {
			isa = PBXGroup;
			children = (
				D66F23512202E334008055F7 /* FlixAppTests.swift */,
				D66F23532202E334008055F7 /* Info.plist */,
			);
			path = FlixAppTests;
			sourceTree = "<group>";
		};
		D66F235B2202E334008055F7 /* FlixAppUITests */ = {
			isa = PBXGroup;
			children = (
				D66F235C2202E334008055F7 /* FlixAppUITests.swift */,
				D66F235E2202E334008055F7 /* Info.plist */,
			);
			path = FlixAppUITests;
			sourceTree = "<group>";
		};
/* End PBXGroup section */

/* Begin PBXNativeTarget section */
		D66F23382202E333008055F7 /* FlixApp */ = {
			isa = PBXNativeTarget;
			buildConfigurationList = D66F23612202E334008055F7 /* Build configuration list for PBXNativeTarget "FlixApp" */;
			buildPhases = (
				17ECFBB9BC6C1B6440B7E1DD /* [CP] Check Pods Manifest.lock */,
				D66F23352202E333008055F7 /* Sources */,
				D66F23362202E333008055F7 /* Frameworks */,
				D66F23372202E333008055F7 /* Resources */,
				5F2790920F4CDC9ED6592695 /* [CP] Embed Pods Frameworks */,
			);
			buildRules = (
			);
			dependencies = (
			);
			name = FlixApp;
			productName = FlixApp;
			productReference = D66F23392202E333008055F7 /* FlixApp.app */;
			productType = "com.apple.product-type.application";
		};
		D66F234C2202E334008055F7 /* FlixAppTests */ = {
			isa = PBXNativeTarget;
			buildConfigurationList = D66F23642202E334008055F7 /* Build configuration list for PBXNativeTarget "FlixAppTests" */;
			buildPhases = (
				0D5AA17D9155795DC40FF693 /* [CP] Check Pods Manifest.lock */,
				D66F23492202E334008055F7 /* Sources */,
				D66F234A2202E334008055F7 /* Frameworks */,
				D66F234B2202E334008055F7 /* Resources */,
			);
			buildRules = (
			);
			dependencies = (
				D66F234F2202E334008055F7 /* PBXTargetDependency */,
			);
			name = FlixAppTests;
			productName = FlixAppTests;
			productReference = D66F234D2202E334008055F7 /* FlixAppTests.xctest */;
			productType = "com.apple.product-type.bundle.unit-test";
		};
		D66F23572202E334008055F7 /* FlixAppUITests */ = {
			isa = PBXNativeTarget;
			buildConfigurationList = D66F23672202E334008055F7 /* Build configuration list for PBXNativeTarget "FlixAppUITests" */;
			buildPhases = (
				2AEE0E910B20F969ADCD7E94 /* [CP] Check Pods Manifest.lock */,
				D66F23542202E334008055F7 /* Sources */,
				D66F23552202E334008055F7 /* Frameworks */,
				D66F23562202E334008055F7 /* Resources */,
			);
			buildRules = (
			);
			dependencies = (
				D66F235A2202E334008055F7 /* PBXTargetDependency */,
			);
			name = FlixAppUITests;
			productName = FlixAppUITests;
			productReference = D66F23582202E334008055F7 /* FlixAppUITests.xctest */;
			productType = "com.apple.product-type.bundle.ui-testing";
		};
/* End PBXNativeTarget section */

/* Begin PBXProject section */
		D66F23312202E333008055F7 /* Project object */ = {
			isa = PBXProject;
			attributes = {
				LastSwiftUpdateCheck = 1010;
				LastUpgradeCheck = 1010;
				ORGANIZATIONNAME = "Gabe Gaerlan";
				TargetAttributes = {
					D66F23382202E333008055F7 = {
						CreatedOnToolsVersion = 10.1;
					};
					D66F234C2202E334008055F7 = {
						CreatedOnToolsVersion = 10.1;
						TestTargetID = D66F23382202E333008055F7;
					};
					D66F23572202E334008055F7 = {
						CreatedOnToolsVersion = 10.1;
						TestTargetID = D66F23382202E333008055F7;
					};
				};
			};
			buildConfigurationList = D66F23342202E333008055F7 /* Build configuration list for PBXProject "FlixApp" */;
			compatibilityVersion = "Xcode 9.3";
			developmentRegion = en;
			hasScannedForEncodings = 0;
			knownRegions = (
				en,
				Base,
			);
			mainGroup = D66F23302202E333008055F7;
			productRefGroup = D66F233A2202E333008055F7 /* Products */;
			projectDirPath = "";
			projectRoot = "";
			targets = (
				D66F23382202E333008055F7 /* FlixApp */,
				D66F234C2202E334008055F7 /* FlixAppTests */,
				D66F23572202E334008055F7 /* FlixAppUITests */,
			);
		};
/* End PBXProject section */

/* Begin PBXResourcesBuildPhase section */
		D66F23372202E333008055F7 /* Resources */ = {
			isa = PBXResourcesBuildPhase;
			buildActionMask = 2147483647;
			files = (
				D66F23472202E334008055F7 /* LaunchScreen.storyboard in Resources */,
				D66F23442202E334008055F7 /* Assets.xcassets in Resources */,
				D66F23422202E333008055F7 /* Main.storyboard in Resources */,
			);
			runOnlyForDeploymentPostprocessing = 0;
		};
		D66F234B2202E334008055F7 /* Resources */ = {
			isa = PBXResourcesBuildPhase;
			buildActionMask = 2147483647;
			files = (
			);
			runOnlyForDeploymentPostprocessing = 0;
		};
		D66F23562202E334008055F7 /* Resources */ = {
			isa = PBXResourcesBuildPhase;
			buildActionMask = 2147483647;
			files = (
			);
			runOnlyForDeploymentPostprocessing = 0;
		};
/* End PBXResourcesBuildPhase section */

/* Begin PBXShellScriptBuildPhase section */
		0D5AA17D9155795DC40FF693 /* [CP] Check Pods Manifest.lock */ = {
			isa = PBXShellScriptBuildPhase;
			buildActionMask = 2147483647;
			files = (
			);
			inputFileListPaths = (
			);
			inputPaths = (
				"${PODS_PODFILE_DIR_PATH}/Podfile.lock",
				"${PODS_ROOT}/Manifest.lock",
			);
			name = "[CP] Check Pods Manifest.lock";
			outputFileListPaths = (
			);
			outputPaths = (
				"$(DERIVED_FILE_DIR)/Pods-FlixAppTests-checkManifestLockResult.txt",
			);
			runOnlyForDeploymentPostprocessing = 0;
			shellPath = /bin/sh;
			shellScript = "diff \"${PODS_PODFILE_DIR_PATH}/Podfile.lock\" \"${PODS_ROOT}/Manifest.lock\" > /dev/null\nif [ $? != 0 ] ; then\n    # print error to STDERR\n    echo \"error: The sandbox is not in sync with the Podfile.lock. Run 'pod install' or update your CocoaPods installation.\" >&2\n    exit 1\nfi\n# This output is used by Xcode 'outputs' to avoid re-running this script phase.\necho \"SUCCESS\" > \"${SCRIPT_OUTPUT_FILE_0}\"\n";
			showEnvVarsInLog = 0;
		};
		17ECFBB9BC6C1B6440B7E1DD /* [CP] Check Pods Manifest.lock */ = {
			isa = PBXShellScriptBuildPhase;
			buildActionMask = 2147483647;
			files = (
			);
			inputFileListPaths = (
			);
			inputPaths = (
				"${PODS_PODFILE_DIR_PATH}/Podfile.lock",
				"${PODS_ROOT}/Manifest.lock",
			);
			name = "[CP] Check Pods Manifest.lock";
			outputFileListPaths = (
			);
			outputPaths = (
				"$(DERIVED_FILE_DIR)/Pods-FlixApp-checkManifestLockResult.txt",
			);
			runOnlyForDeploymentPostprocessing = 0;
			shellPath = /bin/sh;
			shellScript = "diff \"${PODS_PODFILE_DIR_PATH}/Podfile.lock\" \"${PODS_ROOT}/Manifest.lock\" > /dev/null\nif [ $? != 0 ] ; then\n    # print error to STDERR\n    echo \"error: The sandbox is not in sync with the Podfile.lock. Run 'pod install' or update your CocoaPods installation.\" >&2\n    exit 1\nfi\n# This output is used by Xcode 'outputs' to avoid re-running this script phase.\necho \"SUCCESS\" > \"${SCRIPT_OUTPUT_FILE_0}\"\n";
			showEnvVarsInLog = 0;
		};
		2AEE0E910B20F969ADCD7E94 /* [CP] Check Pods Manifest.lock */ = {
			isa = PBXShellScriptBuildPhase;
			buildActionMask = 2147483647;
			files = (
			);
			inputFileListPaths = (
			);
			inputPaths = (
				"${PODS_PODFILE_DIR_PATH}/Podfile.lock",
				"${PODS_ROOT}/Manifest.lock",
			);
			name = "[CP] Check Pods Manifest.lock";
			outputFileListPaths = (
			);
			outputPaths = (
				"$(DERIVED_FILE_DIR)/Pods-FlixAppUITests-checkManifestLockResult.txt",
			);
			runOnlyForDeploymentPostprocessing = 0;
			shellPath = /bin/sh;
			shellScript = "diff \"${PODS_PODFILE_DIR_PATH}/Podfile.lock\" \"${PODS_ROOT}/Manifest.lock\" > /dev/null\nif [ $? != 0 ] ; then\n    # print error to STDERR\n    echo \"error: The sandbox is not in sync with the Podfile.lock. Run 'pod install' or update your CocoaPods installation.\" >&2\n    exit 1\nfi\n# This output is used by Xcode 'outputs' to avoid re-running this script phase.\necho \"SUCCESS\" > \"${SCRIPT_OUTPUT_FILE_0}\"\n";
			showEnvVarsInLog = 0;
		};
		5F2790920F4CDC9ED6592695 /* [CP] Embed Pods Frameworks */ = {
			isa = PBXShellScriptBuildPhase;
			buildActionMask = 2147483647;
			files = (
			);
			inputFileListPaths = (
			);
			inputPaths = (
				"${SRCROOT}/Pods/Target Support Files/Pods-FlixApp/Pods-FlixApp-frameworks.sh",
				"${BUILT_PRODUCTS_DIR}/Alamofire/Alamofire.framework",
				"${BUILT_PRODUCTS_DIR}/AlamofireImage/AlamofireImage.framework",
			);
			name = "[CP] Embed Pods Frameworks";
			outputFileListPaths = (
			);
			outputPaths = (
				"${TARGET_BUILD_DIR}/${FRAMEWORKS_FOLDER_PATH}/Alamofire.framework",
				"${TARGET_BUILD_DIR}/${FRAMEWORKS_FOLDER_PATH}/AlamofireImage.framework",
			);
			runOnlyForDeploymentPostprocessing = 0;
			shellPath = /bin/sh;
			shellScript = "\"${SRCROOT}/Pods/Target Support Files/Pods-FlixApp/Pods-FlixApp-frameworks.sh\"\n";
			showEnvVarsInLog = 0;
		};
/* End PBXShellScriptBuildPhase section */

/* Begin PBXSourcesBuildPhase section */
		D66F23352202E333008055F7 /* Sources */ = {
			isa = PBXSourcesBuildPhase;
			buildActionMask = 2147483647;
			files = (
				D693D79C22120C120030280F /* MovieGridViewController.swift in Sources */,
				D693D79A221201D80030280F /* MovieDetailsViewController.swift in Sources */,
				D66F233D2202E333008055F7 /* AppDelegate.swift in Sources */,
				D66F236D2202EFD2008055F7 /* MoviesViewController.swift in Sources */,
				D637344C221218A70036BFA5 /* MovieGridCell.swift in Sources */,
				D66F236F2202FC79008055F7 /* MovieCell.swift in Sources */,
			);
			runOnlyForDeploymentPostprocessing = 0;
		};
		D66F23492202E334008055F7 /* Sources */ = {
			isa = PBXSourcesBuildPhase;
			buildActionMask = 2147483647;
			files = (
				D66F23522202E334008055F7 /* FlixAppTests.swift in Sources */,
			);
			runOnlyForDeploymentPostprocessing = 0;
		};
		D66F23542202E334008055F7 /* Sources */ = {
			isa = PBXSourcesBuildPhase;
			buildActionMask = 2147483647;
			files = (
				D66F235D2202E334008055F7 /* FlixAppUITests.swift in Sources */,
			);
			runOnlyForDeploymentPostprocessing = 0;
		};
/* End PBXSourcesBuildPhase section */

/* Begin PBXTargetDependency section */
		D66F234F2202E334008055F7 /* PBXTargetDependency */ = {
			isa = PBXTargetDependency;
			target = D66F23382202E333008055F7 /* FlixApp */;
			targetProxy = D66F234E2202E334008055F7 /* PBXContainerItemProxy */;
		};
		D66F235A2202E334008055F7 /* PBXTargetDependency */ = {
			isa = PBXTargetDependency;
			target = D66F23382202E333008055F7 /* FlixApp */;
			targetProxy = D66F23592202E334008055F7 /* PBXContainerItemProxy */;
		};
/* End PBXTargetDependency section */

/* Begin PBXVariantGroup section */
		D66F23402202E333008055F7 /* Main.storyboard */ = {
			isa = PBXVariantGroup;
			children = (
				D66F23412202E333008055F7 /* Base */,
			);
			name = Main.storyboard;
			sourceTree = "<group>";
		};
		D66F23452202E334008055F7 /* LaunchScreen.storyboard */ = {
			isa = PBXVariantGroup;
			children = (
				D66F23462202E334008055F7 /* Base */,
			);
			name = LaunchScreen.storyboard;
			sourceTree = "<group>";
		};
/* End PBXVariantGroup section */

/* Begin XCBuildConfiguration section */
		D66F235F2202E334008055F7 /* Debug */ = {
			isa = XCBuildConfiguration;
			buildSettings = {
				ALWAYS_SEARCH_USER_PATHS = NO;
				CLANG_ANALYZER_NONNULL = YES;
				CLANG_ANALYZER_NUMBER_OBJECT_CONVERSION = YES_AGGRESSIVE;
				CLANG_CXX_LANGUAGE_STANDARD = "gnu++14";
				CLANG_CXX_LIBRARY = "libc++";
				CLANG_ENABLE_MODULES = YES;
				CLANG_ENABLE_OBJC_ARC = YES;
				CLANG_ENABLE_OBJC_WEAK = YES;
				CLANG_WARN_BLOCK_CAPTURE_AUTORELEASING = YES;
				CLANG_WARN_BOOL_CONVERSION = YES;
				CLANG_WARN_COMMA = YES;
				CLANG_WARN_CONSTANT_CONVERSION = YES;
				CLANG_WARN_DEPRECATED_OBJC_IMPLEMENTATIONS = YES;
				CLANG_WARN_DIRECT_OBJC_ISA_USAGE = YES_ERROR;
				CLANG_WARN_DOCUMENTATION_COMMENTS = YES;
				CLANG_WARN_EMPTY_BODY = YES;
				CLANG_WARN_ENUM_CONVERSION = YES;
				CLANG_WARN_INFINITE_RECURSION = YES;
				CLANG_WARN_INT_CONVERSION = YES;
				CLANG_WARN_NON_LITERAL_NULL_CONVERSION = YES;
				CLANG_WARN_OBJC_IMPLICIT_RETAIN_SELF = YES;
				CLANG_WARN_OBJC_LITERAL_CONVERSION = YES;
				CLANG_WARN_OBJC_ROOT_CLASS = YES_ERROR;
				CLANG_WARN_RANGE_LOOP_ANALYSIS = YES;
				CLANG_WARN_STRICT_PROTOTYPES = YES;
				CLANG_WARN_SUSPICIOUS_MOVE = YES;
				CLANG_WARN_UNGUARDED_AVAILABILITY = YES_AGGRESSIVE;
				CLANG_WARN_UNREACHABLE_CODE = YES;
				CLANG_WARN__DUPLICATE_METHOD_MATCH = YES;
				CODE_SIGN_IDENTITY = "iPhone Developer";
				COPY_PHASE_STRIP = NO;
				DEBUG_INFORMATION_FORMAT = dwarf;
				ENABLE_STRICT_OBJC_MSGSEND = YES;
				ENABLE_TESTABILITY = YES;
				GCC_C_LANGUAGE_STANDARD = gnu11;
				GCC_DYNAMIC_NO_PIC = NO;
				GCC_NO_COMMON_BLOCKS = YES;
				GCC_OPTIMIZATION_LEVEL = 0;
				GCC_PREPROCESSOR_DEFINITIONS = (
					"DEBUG=1",
					"$(inherited)",
				);
				GCC_WARN_64_TO_32_BIT_CONVERSION = YES;
				GCC_WARN_ABOUT_RETURN_TYPE = YES_ERROR;
				GCC_WARN_UNDECLARED_SELECTOR = YES;
				GCC_WARN_UNINITIALIZED_AUTOS = YES_AGGRESSIVE;
				GCC_WARN_UNUSED_FUNCTION = YES;
				GCC_WARN_UNUSED_VARIABLE = YES;
				IPHONEOS_DEPLOYMENT_TARGET = 12.1;
				MTL_ENABLE_DEBUG_INFO = INCLUDE_SOURCE;
				MTL_FAST_MATH = YES;
				ONLY_ACTIVE_ARCH = YES;
				SDKROOT = iphoneos;
				SWIFT_ACTIVE_COMPILATION_CONDITIONS = DEBUG;
				SWIFT_OPTIMIZATION_LEVEL = "-Onone";
			};
			name = Debug;
		};
		D66F23602202E334008055F7 /* Release */ = {
			isa = XCBuildConfiguration;
			buildSettings = {
				ALWAYS_SEARCH_USER_PATHS = NO;
				CLANG_ANALYZER_NONNULL = YES;
				CLANG_ANALYZER_NUMBER_OBJECT_CONVERSION = YES_AGGRESSIVE;
				CLANG_CXX_LANGUAGE_STANDARD = "gnu++14";
				CLANG_CXX_LIBRARY = "libc++";
				CLANG_ENABLE_MODULES = YES;
				CLANG_ENABLE_OBJC_ARC = YES;
				CLANG_ENABLE_OBJC_WEAK = YES;
				CLANG_WARN_BLOCK_CAPTURE_AUTORELEASING = YES;
				CLANG_WARN_BOOL_CONVERSION = YES;
				CLANG_WARN_COMMA = YES;
				CLANG_WARN_CONSTANT_CONVERSION = YES;
				CLANG_WARN_DEPRECATED_OBJC_IMPLEMENTATIONS = YES;
				CLANG_WARN_DIRECT_OBJC_ISA_USAGE = YES_ERROR;
				CLANG_WARN_DOCUMENTATION_COMMENTS = YES;
				CLANG_WARN_EMPTY_BODY = YES;
				CLANG_WARN_ENUM_CONVERSION = YES;
				CLANG_WARN_INFINITE_RECURSION = YES;
				CLANG_WARN_INT_CONVERSION = YES;
				CLANG_WARN_NON_LITERAL_NULL_CONVERSION = YES;
				CLANG_WARN_OBJC_IMPLICIT_RETAIN_SELF = YES;
				CLANG_WARN_OBJC_LITERAL_CONVERSION = YES;
				CLANG_WARN_OBJC_ROOT_CLASS = YES_ERROR;
				CLANG_WARN_RANGE_LOOP_ANALYSIS = YES;
				CLANG_WARN_STRICT_PROTOTYPES = YES;
				CLANG_WARN_SUSPICIOUS_MOVE = YES;
				CLANG_WARN_UNGUARDED_AVAILABILITY = YES_AGGRESSIVE;
				CLANG_WARN_UNREACHABLE_CODE = YES;
				CLANG_WARN__DUPLICATE_METHOD_MATCH = YES;
				CODE_SIGN_IDENTITY = "iPhone Developer";
				COPY_PHASE_STRIP = NO;
				DEBUG_INFORMATION_FORMAT = "dwarf-with-dsym";
				ENABLE_NS_ASSERTIONS = NO;
				ENABLE_STRICT_OBJC_MSGSEND = YES;
				GCC_C_LANGUAGE_STANDARD = gnu11;
				GCC_NO_COMMON_BLOCKS = YES;
				GCC_WARN_64_TO_32_BIT_CONVERSION = YES;
				GCC_WARN_ABOUT_RETURN_TYPE = YES_ERROR;
				GCC_WARN_UNDECLARED_SELECTOR = YES;
				GCC_WARN_UNINITIALIZED_AUTOS = YES_AGGRESSIVE;
				GCC_WARN_UNUSED_FUNCTION = YES;
				GCC_WARN_UNUSED_VARIABLE = YES;
				IPHONEOS_DEPLOYMENT_TARGET = 12.1;
				MTL_ENABLE_DEBUG_INFO = NO;
				MTL_FAST_MATH = YES;
				SDKROOT = iphoneos;
				SWIFT_COMPILATION_MODE = wholemodule;
				SWIFT_OPTIMIZATION_LEVEL = "-O";
				VALIDATE_PRODUCT = YES;
			};
			name = Release;
		};
		D66F23622202E334008055F7 /* Debug */ = {
			isa = XCBuildConfiguration;
			baseConfigurationReference = F14403095A6E38995DD67497 /* Pods-FlixApp.debug.xcconfig */;
			buildSettings = {
				ASSETCATALOG_COMPILER_APPICON_NAME = AppIcon;
				CODE_SIGN_STYLE = Automatic;
				DEVELOPMENT_TEAM = Y56LLVW832;
				INFOPLIST_FILE = FlixApp/Info.plist;
				LD_RUNPATH_SEARCH_PATHS = (
					"$(inherited)",
					"@executable_path/Frameworks",
				);
				PRODUCT_BUNDLE_IDENTIFIER = ggaerlan.FlixApp;
				PRODUCT_NAME = "$(TARGET_NAME)";
				SWIFT_VERSION = 4.2;
				TARGETED_DEVICE_FAMILY = "1,2";
			};
			name = Debug;
		};
		D66F23632202E334008055F7 /* Release */ = {
			isa = XCBuildConfiguration;
			baseConfigurationReference = A16062746B58DE3232A23886 /* Pods-FlixApp.release.xcconfig */;
			buildSettings = {
				ASSETCATALOG_COMPILER_APPICON_NAME = AppIcon;
				CODE_SIGN_STYLE = Automatic;
				DEVELOPMENT_TEAM = Y56LLVW832;
				INFOPLIST_FILE = FlixApp/Info.plist;
				LD_RUNPATH_SEARCH_PATHS = (
					"$(inherited)",
					"@executable_path/Frameworks",
				);
				PRODUCT_BUNDLE_IDENTIFIER = ggaerlan.FlixApp;
				PRODUCT_NAME = "$(TARGET_NAME)";
				SWIFT_VERSION = 4.2;
				TARGETED_DEVICE_FAMILY = "1,2";
			};
			name = Release;
		};
		D66F23652202E334008055F7 /* Debug */ = {
			isa = XCBuildConfiguration;
			baseConfigurationReference = 30409FBB19DF7FF47B236FA6 /* Pods-FlixAppTests.debug.xcconfig */;
			buildSettings = {
				ALWAYS_EMBED_SWIFT_STANDARD_LIBRARIES = YES;
				BUNDLE_LOADER = "$(TEST_HOST)";
				CODE_SIGN_STYLE = Automatic;
				INFOPLIST_FILE = FlixAppTests/Info.plist;
				LD_RUNPATH_SEARCH_PATHS = (
					"$(inherited)",
					"@executable_path/Frameworks",
					"@loader_path/Frameworks",
				);
				PRODUCT_BUNDLE_IDENTIFIER = ggaerlan.FlixAppTests;
				PRODUCT_NAME = "$(TARGET_NAME)";
				SWIFT_VERSION = 4.2;
				TARGETED_DEVICE_FAMILY = "1,2";
				TEST_HOST = "$(BUILT_PRODUCTS_DIR)/FlixApp.app/FlixApp";
			};
			name = Debug;
		};
		D66F23662202E334008055F7 /* Release */ = {
			isa = XCBuildConfiguration;
			baseConfigurationReference = 05EC5B4FD43A5CFD3C9C6452 /* Pods-FlixAppTests.release.xcconfig */;
			buildSettings = {
				ALWAYS_EMBED_SWIFT_STANDARD_LIBRARIES = YES;
				BUNDLE_LOADER = "$(TEST_HOST)";
				CODE_SIGN_STYLE = Automatic;
				INFOPLIST_FILE = FlixAppTests/Info.plist;
				LD_RUNPATH_SEARCH_PATHS = (
					"$(inherited)",
					"@executable_path/Frameworks",
					"@loader_path/Frameworks",
				);
				PRODUCT_BUNDLE_IDENTIFIER = ggaerlan.FlixAppTests;
				PRODUCT_NAME = "$(TARGET_NAME)";
				SWIFT_VERSION = 4.2;
				TARGETED_DEVICE_FAMILY = "1,2";
				TEST_HOST = "$(BUILT_PRODUCTS_DIR)/FlixApp.app/FlixApp";
			};
			name = Release;
		};
		D66F23682202E334008055F7 /* Debug */ = {
			isa = XCBuildConfiguration;
			baseConfigurationReference = 73BC4DCC0E9C3B1C41A8C599 /* Pods-FlixAppUITests.debug.xcconfig */;
			buildSettings = {
				ALWAYS_EMBED_SWIFT_STANDARD_LIBRARIES = YES;
				CODE_SIGN_STYLE = Automatic;
				INFOPLIST_FILE = FlixAppUITests/Info.plist;
				LD_RUNPATH_SEARCH_PATHS = (
					"$(inherited)",
					"@executable_path/Frameworks",
					"@loader_path/Frameworks",
				);
				PRODUCT_BUNDLE_IDENTIFIER = ggaerlan.FlixAppUITests;
				PRODUCT_NAME = "$(TARGET_NAME)";
				SWIFT_VERSION = 4.2;
				TARGETED_DEVICE_FAMILY = "1,2";
				TEST_TARGET_NAME = FlixApp;
			};
			name = Debug;
		};
		D66F23692202E334008055F7 /* Release */ = {
			isa = XCBuildConfiguration;
			baseConfigurationReference = CB2FD9C2AA275D27602F5275 /* Pods-FlixAppUITests.release.xcconfig */;
			buildSettings = {
				ALWAYS_EMBED_SWIFT_STANDARD_LIBRARIES = YES;
				CODE_SIGN_STYLE = Automatic;
				INFOPLIST_FILE = FlixAppUITests/Info.plist;
				LD_RUNPATH_SEARCH_PATHS = (
					"$(inherited)",
					"@executable_path/Frameworks",
					"@loader_path/Frameworks",
				);
				PRODUCT_BUNDLE_IDENTIFIER = ggaerlan.FlixAppUITests;
				PRODUCT_NAME = "$(TARGET_NAME)";
				SWIFT_VERSION = 4.2;
				TARGETED_DEVICE_FAMILY = "1,2";
				TEST_TARGET_NAME = FlixApp;
			};
			name = Release;
		};
/* End XCBuildConfiguration section */

/* Begin XCConfigurationList section */
		D66F23342202E333008055F7 /* Build configuration list for PBXProject "FlixApp" */ = {
			isa = XCConfigurationList;
			buildConfigurations = (
				D66F235F2202E334008055F7 /* Debug */,
				D66F23602202E334008055F7 /* Release */,
			);
			defaultConfigurationIsVisible = 0;
			defaultConfigurationName = Release;
		};
		D66F23612202E334008055F7 /* Build configuration list for PBXNativeTarget "FlixApp" */ = {
			isa = XCConfigurationList;
			buildConfigurations = (
				D66F23622202E334008055F7 /* Debug */,
				D66F23632202E334008055F7 /* Release */,
			);
			defaultConfigurationIsVisible = 0;
			defaultConfigurationName = Release;
		};
		D66F23642202E334008055F7 /* Build configuration list for PBXNativeTarget "FlixAppTests" */ = {
			isa = XCConfigurationList;
			buildConfigurations = (
				D66F23652202E334008055F7 /* Debug */,
				D66F23662202E334008055F7 /* Release */,
			);
			defaultConfigurationIsVisible = 0;
			defaultConfigurationName = Release;
		};
		D66F23672202E334008055F7 /* Build configuration list for PBXNativeTarget "FlixAppUITests" */ = {
			isa = XCConfigurationList;
			buildConfigurations = (
				D66F23682202E334008055F7 /* Debug */,
				D66F23692202E334008055F7 /* Release */,
			);
			defaultConfigurationIsVisible = 0;
			defaultConfigurationName = Release;
		};
/* End XCConfigurationList section */
	};
	rootObject = D66F23312202E333008055F7 /* Project object */;
}
